
Microsoft Visual Studio Solution File, Format Version 12.00
# Visual Studio Version 17
VisualStudioVersion = 17.6.33712.159
MinimumVisualStudioVersion = 10.0.40219.1
Project("{FAE04EC0-301F-11D3-BF4B-00C04F79EFBC}") = "KutuphaneOtomasyonu", "KutuphaneOtomasyonu\KutuphaneOtomasyonu.csproj", "{5A319B31-CED2-4FEA-9152-C7FB3DED8266}"
EndProject
Global
	GlobalSection(SolutionConfigurationPlatforms) = preSolution
		Debug|Any CPU = Debug|Any CPU
		Release|Any CPU = Release|Any CPU
	EndGlobalSection
	GlobalSection(ProjectConfigurationPlatforms) = postSolution
		{5A319B31-CED2-4FEA-9152-C7FB3DED8266}.Debug|Any CPU.ActiveCfg = Debug|Any CPU
		{5A319B31-CED2-4FEA-9152-C7FB3DED8266}.Debug|Any CPU.Build.0 = Debug|Any CPU
		{5A319B31-CED2-4FEA-9152-C7FB3DED8266}.Release|Any CPU.ActiveCfg = Release|Any CPU
		{5A319B31-CED2-4FEA-9152-C7FB3DED8266}.Release|Any CPU.Build.0 = Release|Any CPU
	EndGlobalSection
	GlobalSection(SolutionProperties) = preSolution
		HideSolutionNode = FALSE
	EndGlobalSection
	GlobalSection(ExtensibilityGlobals) = postSolution
		SolutionGuid = {5E5980E6-87EF-4ED3-AF1B-963A8D7B7383}
	EndGlobalSection
EndGlobal
